
Microsoft Visual Studio Solution File, Format Version 12.00
# Visual Studio Version 17
VisualStudioVersion = 17.9.34728.123
MinimumVisualStudioVersion = 10.0.40219.1
Project("{FAE04EC0-301F-11D3-BF4B-00C04F79EFBC}") = "teachers-hours-be", "teachers-hours-be\teachers-hours-be.csproj", "{1C2DFA9A-1EFE-46F0-A239-8B92C027CF3A}"
EndProject
Global
	GlobalSection(SolutionConfigurationPlatforms) = preSolution
		Debug|Any CPU = Debug|Any CPU
		Release|Any CPU = Release|Any CPU
	EndGlobalSection
	GlobalSection(ProjectConfigurationPlatforms) = postSolution
		{1C2DFA9A-1EFE-46F0-A239-8B92C027CF3A}.Debug|Any CPU.ActiveCfg = Debug|Any CPU
		{1C2DFA9A-1EFE-46F0-A239-8B92C027CF3A}.Debug|Any CPU.Build.0 = Debug|Any CPU
		{1C2DFA9A-1EFE-46F0-A239-8B92C027CF3A}.Release|Any CPU.ActiveCfg = Release|Any CPU
		{1C2DFA9A-1EFE-46F0-A239-8B92C027CF3A}.Release|Any CPU.Build.0 = Release|Any CPU
	EndGlobalSection
	GlobalSection(SolutionProperties) = preSolution
		HideSolutionNode = FALSE
	EndGlobalSection
	GlobalSection(ExtensibilityGlobals) = postSolution
		SolutionGuid = {8CC2862F-26E5-4652-870F-AB47FEA52967}
	EndGlobalSection
EndGlobal
